// !$*UTF8*$!
{
	archiveVersion = 1;
	classes = {
	};
	objectVersion = 77;
	objects = {

/* Begin PBXBuildFile section */
		000000000000000000000030 /* E5iOSSmokeApp.swift in Sources */ = {isa = PBXBuildFile; fileRef = 000000000000000000000026 /* E5iOSSmokeApp.swift */; };
		000000000000000000000031 /* ContentView.swift in Sources */ = {isa = PBXBuildFile; fileRef = 000000000000000000000027 /* ContentView.swift */; };
		000000000000000000000032 /* E5SmokeRunner.swift in Sources */ = {isa = PBXBuildFile; fileRef = 000000000000000000000028 /* E5SmokeRunner.swift */; };
		000000000000000000000033 /* E5iOSSmokeAppTests.swift in Sources */ = {isa = PBXBuildFile; fileRef = 000000000000000000000029 /* E5iOSSmokeAppTests.swift */; };
		000000000000000000000036 /* E5EmbeddingCore in Frameworks */ = {isa = PBXBuildFile; productRef = 000000000000000000000034 /* E5EmbeddingCore */; };
		000000000000000000000037 /* E5EmbeddingCore in Frameworks */ = {isa = PBXBuildFile; productRef = 000000000000000000000035 /* E5EmbeddingCore */; };
		000000000000000000000041 /* E5SmallEmbedding.mlpackage in Resources */ = {isa = PBXBuildFile; fileRef = 000000000000000000000043 /* E5SmallEmbedding.mlpackage */; };
		000000000000000000000042 /* Tokenizer in Resources */ = {isa = PBXBuildFile; fileRef = 000000000000000000000044 /* Tokenizer */; };
/* End PBXBuildFile section */

/* Begin PBXContainerItemProxy section */
		000000000000000000000039 /* PBXContainerItemProxy */ = {
			isa = PBXContainerItemProxy;
			containerPortal = 000000000000000000000001 /* Project object */;
			proxyType = 1;
			remoteGlobalIDString = 000000000000000000000010;
			remoteInfo = E5iOSSmokeApp;
		};
/* End PBXContainerItemProxy section */

/* Begin PBXFileReference section */
		000000000000000000000012 /* E5iOSSmokeApp.app */ = {isa = PBXFileReference; explicitFileType = wrapper.application; includeInIndex = 0; path = E5iOSSmokeApp.app; sourceTree = BUILT_PRODUCTS_DIR; };
		000000000000000000000013 /* E5iOSSmokeAppTests.xctest */ = {isa = PBXFileReference; explicitFileType = wrapper.cfbundle; includeInIndex = 0; path = E5iOSSmokeAppTests.xctest; sourceTree = BUILT_PRODUCTS_DIR; };
		000000000000000000000026 /* E5iOSSmokeApp.swift */ = {isa = PBXFileReference; lastKnownFileType = sourcecode.swift; path = E5iOSSmokeApp.swift; sourceTree = "<group>"; };
		000000000000000000000027 /* ContentView.swift */ = {isa = PBXFileReference; lastKnownFileType = sourcecode.swift; path = ContentView.swift; sourceTree = "<group>"; };
		000000000000000000000028 /* E5SmokeRunner.swift */ = {isa = PBXFileReference; lastKnownFileType = sourcecode.swift; path = E5SmokeRunner.swift; sourceTree = "<group>"; };
		000000000000000000000029 /* E5iOSSmokeAppTests.swift */ = {isa = PBXFileReference; lastKnownFileType = sourcecode.swift; path = E5iOSSmokeAppTests.swift; sourceTree = "<group>"; };
		000000000000000000000043 /* E5SmallEmbedding.mlpackage */ = {isa = PBXFileReference; lastKnownFileType = folder.mlpackage; name = E5SmallEmbedding.mlpackage; path = ../../Models/E5SmallEmbedding.mlpackage; sourceTree = "<group>"; };
		000000000000000000000044 /* Tokenizer */ = {isa = PBXFileReference; lastKnownFileType = folder; name = Tokenizer; path = ../../Tokenizer; sourceTree = "<group>"; };
/* End PBXFileReference section */

/* Begin PBXFrameworksBuildPhase section */
		000000000000000000000015 /* Frameworks */ = {
			isa = PBXFrameworksBuildPhase;
			buildActionMask = 2147483647;
			files = (
				000000000000000000000036 /* E5EmbeddingCore in Frameworks */,
			);
			runOnlyForDeploymentPostprocessing = 0;
		};
		000000000000000000000018 /* Frameworks */ = {
			isa = PBXFrameworksBuildPhase;
			buildActionMask = 2147483647;
			files = (
				000000000000000000000037 /* E5EmbeddingCore in Frameworks */,
			);
			runOnlyForDeploymentPostprocessing = 0;
		};
/* End PBXFrameworksBuildPhase section */

/* Begin PBXGroup section */
		000000000000000000000002 = {
			isa = PBXGroup;
			children = (
				000000000000000000000004 /* E5iOSSmokeApp */,
				000000000000000000000005 /* E5iOSSmokeAppTests */,
				000000000000000000000045 /* Local Assets */,
				000000000000000000000003 /* Products */,
			);
			sourceTree = "<group>";
		};
		000000000000000000000003 /* Products */ = {
			isa = PBXGroup;
			children = (
				000000000000000000000012 /* E5iOSSmokeApp.app */,
				000000000000000000000013 /* E5iOSSmokeAppTests.xctest */,
			);
			name = Products;
			sourceTree = "<group>";
		};
		000000000000000000000004 /* E5iOSSmokeApp */ = {
			isa = PBXGroup;
			children = (
				000000000000000000000026 /* E5iOSSmokeApp.swift */,
				000000000000000000000027 /* ContentView.swift */,
				000000000000000000000028 /* E5SmokeRunner.swift */,
			);
			path = E5iOSSmokeApp;
			sourceTree = "<group>";
		};
		000000000000000000000005 /* E5iOSSmokeAppTests */ = {
			isa = PBXGroup;
			children = (
				000000000000000000000029 /* E5iOSSmokeAppTests.swift */,
			);
			path = E5iOSSmokeAppTests;
			sourceTree = "<group>";
		};
		000000000000000000000045 /* Local Assets */ = {
			isa = PBXGroup;
			children = (
				000000000000000000000043 /* E5SmallEmbedding.mlpackage */,
				000000000000000000000044 /* Tokenizer */,
			);
			name = "Local Assets";
			sourceTree = "<group>";
		};
/* End PBXGroup section */

/* Begin PBXNativeTarget section */
		000000000000000000000010 /* E5iOSSmokeApp */ = {
			isa = PBXNativeTarget;
			buildConfigurationList = 000000000000000000000020 /* Build configuration list for PBXNativeTarget "E5iOSSmokeApp" */;
			buildPhases = (
				000000000000000000000014 /* Sources */,
				000000000000000000000015 /* Frameworks */,
				000000000000000000000016 /* Resources */,
			);
			buildRules = (
			);
			dependencies = (
			);
			name = E5iOSSmokeApp;
			packageProductDependencies = (
				000000000000000000000034 /* E5EmbeddingCore */,
			);
			productName = E5iOSSmokeApp;
			productReference = 000000000000000000000012 /* E5iOSSmokeApp.app */;
			productType = "com.apple.product-type.application";
		};
		000000000000000000000011 /* E5iOSSmokeAppTests */ = {
			isa = PBXNativeTarget;
			buildConfigurationList = 000000000000000000000023 /* Build configuration list for PBXNativeTarget "E5iOSSmokeAppTests" */;
			buildPhases = (
				000000000000000000000017 /* Sources */,
				000000000000000000000018 /* Frameworks */,
				000000000000000000000019 /* Resources */,
			);
			buildRules = (
			);
			dependencies = (
				000000000000000000000038 /* PBXTargetDependency */,
			);
			name = E5iOSSmokeAppTests;
			packageProductDependencies = (
				000000000000000000000035 /* E5EmbeddingCore */,
			);
			productName = E5iOSSmokeAppTests;
			productReference = 000000000000000000000013 /* E5iOSSmokeAppTests.xctest */;
			productType = "com.apple.product-type.bundle.unit-test";
		};
/* End PBXNativeTarget section */

/* Begin PBXProject section */
		000000000000000000000001 /* Project object */ = {
			isa = PBXProject;
			attributes = {
				BuildIndependentTargetsInParallel = 1;
				LastSwiftUpdateCheck = 2604;
				LastUpgradeCheck = 2604;
				TargetAttributes = {
					000000000000000000000010 = {
						CreatedOnToolsVersion = 26.4;
					};
					000000000000000000000011 = {
						CreatedOnToolsVersion = 26.4;
						TestTargetID = 000000000000000000000010;
					};
				};
			};
			buildConfigurationList = 000000000000000000000007 /* Build configuration list for PBXProject "E5iOSSmokeApp" */;
			developmentRegion = en;
			hasScannedForEncodings = 0;
			knownRegions = (
				en,
				Base,
			);
			mainGroup = 000000000000000000000002;
			minimizedProjectReferenceProxies = 1;
			packageReferences = (
				000000000000000000000006 /* XCLocalSwiftPackageReference "../.." */,
			);
			preferredProjectObjectVersion = 77;
			productRefGroup = 000000000000000000000003 /* Products */;
			projectDirPath = "";
			projectRoot = "";
			targets = (
				000000000000000000000010 /* E5iOSSmokeApp */,
				000000000000000000000011 /* E5iOSSmokeAppTests */,
			);
		};
/* End PBXProject section */

/* Begin PBXResourcesBuildPhase section */
		000000000000000000000016 /* Resources */ = {
			isa = PBXResourcesBuildPhase;
			buildActionMask = 2147483647;
			files = (
				000000000000000000000041 /* E5SmallEmbedding.mlpackage in Resources */,
				000000000000000000000042 /* Tokenizer in Resources */,
			);
			runOnlyForDeploymentPostprocessing = 0;
		};
		000000000000000000000019 /* Resources */ = {
			isa = PBXResourcesBuildPhase;
			buildActionMask = 2147483647;
			files = (
			);
			runOnlyForDeploymentPostprocessing = 0;
		};
/* End PBXResourcesBuildPhase section */

/* Begin PBXSourcesBuildPhase section */
		000000000000000000000014 /* Sources */ = {
			isa = PBXSourcesBuildPhase;
			buildActionMask = 2147483647;
			files = (
				000000000000000000000030 /* E5iOSSmokeApp.swift in Sources */,
				000000000000000000000031 /* ContentView.swift in Sources */,
				000000000000000000000032 /* E5SmokeRunner.swift in Sources */,
			);
			runOnlyForDeploymentPostprocessing = 0;
		};
		000000000000000000000017 /* Sources */ = {
			isa = PBXSourcesBuildPhase;
			buildActionMask = 2147483647;
			files = (
				000000000000000000000033 /* E5iOSSmokeAppTests.swift in Sources */,
			);
			runOnlyForDeploymentPostprocessing = 0;
		};
/* End PBXSourcesBuildPhase section */

/* Begin PBXTargetDependency section */
		000000000000000000000038 /* PBXTargetDependency */ = {
			isa = PBXTargetDependency;
			target = 000000000000000000000010 /* E5iOSSmokeApp */;
			targetProxy = 000000000000000000000039 /* PBXContainerItemProxy */;
		};
/* End PBXTargetDependency section */

/* Begin XCBuildConfiguration section */
		000000000000000000000008 /* Debug */ = {
			isa = XCBuildConfiguration;
			buildSettings = {
				ALWAYS_SEARCH_USER_PATHS = NO;
				CLANG_ANALYZER_NONNULL = YES;
				CLANG_ANALYZER_NUMBER_OBJECT_CONVERSION = YES_AGGRESSIVE;
				CLANG_CXX_LANGUAGE_STANDARD = "gnu++20";
				CLANG_ENABLE_MODULES = YES;
				CLANG_ENABLE_OBJC_ARC = YES;
				CLANG_ENABLE_OBJC_WEAK = YES;
				CLANG_WARN_BLOCK_CAPTURE_AUTORELEASING = YES;
				CLANG_WARN_BOOL_CONVERSION = YES;
				CLANG_WARN_COMMA = YES;
				CLANG_WARN_CONSTANT_CONVERSION = YES;
				CLANG_WARN_DEPRECATED_OBJC_IMPLEMENTATIONS = YES;
				CLANG_WARN_DIRECT_OBJC_ISA_USAGE = YES_ERROR;
				CLANG_WARN_DOCUMENTATION_COMMENTS = YES;
				CLANG_WARN_EMPTY_BODY = YES;
				CLANG_WARN_ENUM_CONVERSION = YES;
				CLANG_WARN_INFINITE_RECURSION = YES;
				CLANG_WARN_INT_CONVERSION = YES;
				CLANG_WARN_NON_LITERAL_NULL_CONVERSION = YES;
				CLANG_WARN_OBJC_IMPLICIT_RETAIN_SELF = YES;
				CLANG_WARN_OBJC_LITERAL_CONVERSION = YES;
				CLANG_WARN_OBJC_ROOT_CLASS = YES_ERROR;
				CLANG_WARN_QUOTED_INCLUDE_IN_FRAMEWORK_HEADER = YES;
				CLANG_WARN_RANGE_LOOP_ANALYSIS = YES;
				CLANG_WARN_STRICT_PROTOTYPES = YES;
				CLANG_WARN_SUSPICIOUS_MOVE = YES;
				CLANG_WARN_UNGUARDED_AVAILABILITY = YES_AGGRESSIVE;
				CLANG_WARN_UNREACHABLE_CODE = YES;
				CLANG_WARN__DUPLICATE_METHOD_MATCH = YES;
				COPY_PHASE_STRIP = NO;
				DEBUG_INFORMATION_FORMAT = dwarf;
				ENABLE_STRICT_OBJC_MSGSEND = YES;
				ENABLE_TESTABILITY = YES;
				ENABLE_USER_SCRIPT_SANDBOXING = YES;
				GCC_C_LANGUAGE_STANDARD = gnu17;
				GCC_DYNAMIC_NO_PIC = NO;
				GCC_NO_COMMON_BLOCKS = YES;
				GCC_OPTIMIZATION_LEVEL = 0;
				GCC_PREPROCESSOR_DEFINITIONS = (
					"DEBUG=1",
					"$(inherited)",
				);
				GCC_WARN_64_TO_32_BIT_CONVERSION = YES;
				GCC_WARN_ABOUT_RETURN_TYPE = YES_ERROR;
				GCC_WARN_UNDECLARED_SELECTOR = YES;
				GCC_WARN_UNINITIALIZED_AUTOS = YES_AGGRESSIVE;
				GCC_WARN_UNUSED_FUNCTION = YES;
				GCC_WARN_UNUSED_VARIABLE = YES;
				IPHONEOS_DEPLOYMENT_TARGET = 17.0;
				LOCALIZATION_PREFERS_STRING_CATALOGS = YES;
				MTL_ENABLE_DEBUG_INFO = INCLUDE_SOURCE;
				MTL_FAST_MATH = YES;
				ONLY_ACTIVE_ARCH = YES;
				SDKROOT = iphoneos;
				SWIFT_ACTIVE_COMPILATION_CONDITIONS = DEBUG;
				SWIFT_OPTIMIZATION_LEVEL = "-Onone";
			};
			name = Debug;
		};
		000000000000000000000009 /* Release */ = {
			isa = XCBuildConfiguration;
			buildSettings = {
				ALWAYS_SEARCH_USER_PATHS = NO;
				CLANG_ANALYZER_NONNULL = YES;
				CLANG_ANALYZER_NUMBER_OBJECT_CONVERSION = YES_AGGRESSIVE;
				CLANG_CXX_LANGUAGE_STANDARD = "gnu++20";
				CLANG_ENABLE_MODULES = YES;
				CLANG_ENABLE_OBJC_ARC = YES;
				CLANG_ENABLE_OBJC_WEAK = YES;
				CLANG_WARN_BLOCK_CAPTURE_AUTORELEASING = YES;
				CLANG_WARN_BOOL_CONVERSION = YES;
				CLANG_WARN_COMMA = YES;
				CLANG_WARN_CONSTANT_CONVERSION = YES;
				CLANG_WARN_DEPRECATED_OBJC_IMPLEMENTATIONS = YES;
				CLANG_WARN_DIRECT_OBJC_ISA_USAGE = YES_ERROR;
				CLANG_WARN_DOCUMENTATION_COMMENTS = YES;
				CLANG_WARN_EMPTY_BODY = YES;
				CLANG_WARN_ENUM_CONVERSION = YES;
				CLANG_WARN_INFINITE_RECURSION = YES;
				CLANG_WARN_INT_CONVERSION = YES;
				CLANG_WARN_NON_LITERAL_NULL_CONVERSION = YES;
				CLANG_WARN_OBJC_IMPLICIT_RETAIN_SELF = YES;
				CLANG_WARN_OBJC_LITERAL_CONVERSION = YES;
				CLANG_WARN_OBJC_ROOT_CLASS = YES_ERROR;
				CLANG_WARN_QUOTED_INCLUDE_IN_FRAMEWORK_HEADER = YES;
				CLANG_WARN_RANGE_LOOP_ANALYSIS = YES;
				CLANG_WARN_STRICT_PROTOTYPES = YES;
				CLANG_WARN_SUSPICIOUS_MOVE = YES;
				CLANG_WARN_UNGUARDED_AVAILABILITY = YES_AGGRESSIVE;
				CLANG_WARN_UNREACHABLE_CODE = YES;
				CLANG_WARN__DUPLICATE_METHOD_MATCH = YES;
				COPY_PHASE_STRIP = NO;
				DEBUG_INFORMATION_FORMAT = "dwarf-with-dsym";
				ENABLE_NS_ASSERTIONS = NO;
				ENABLE_STRICT_OBJC_MSGSEND = YES;
				ENABLE_USER_SCRIPT_SANDBOXING = YES;
				GCC_C_LANGUAGE_STANDARD = gnu17;
				GCC_NO_COMMON_BLOCKS = YES;
				GCC_WARN_64_TO_32_BIT_CONVERSION = YES;
				GCC_WARN_ABOUT_RETURN_TYPE = YES_ERROR;
				GCC_WARN_UNDECLARED_SELECTOR = YES;
				GCC_WARN_UNINITIALIZED_AUTOS = YES_AGGRESSIVE;
				GCC_WARN_UNUSED_FUNCTION = YES;
				GCC_WARN_UNUSED_VARIABLE = YES;
				IPHONEOS_DEPLOYMENT_TARGET = 17.0;
				LOCALIZATION_PREFERS_STRING_CATALOGS = YES;
				MTL_ENABLE_DEBUG_INFO = NO;
				MTL_FAST_MATH = YES;
				SDKROOT = iphoneos;
				SWIFT_COMPILATION_MODE = wholemodule;
				VALIDATE_PRODUCT = YES;
			};
			name = Release;
		};
		000000000000000000000021 /* Debug */ = {
			isa = XCBuildConfiguration;
			buildSettings = {
				ASSETCATALOG_COMPILER_GLOBAL_ACCENT_COLOR_NAME = AccentColor;
				CODE_SIGN_STYLE = Automatic;
				CURRENT_PROJECT_VERSION = 1;
				DEVELOPMENT_TEAM = "";
				GENERATE_INFOPLIST_FILE = YES;
				INFOPLIST_KEY_CFBundleDisplayName = "E5 Smoke";
				INFOPLIST_KEY_LSApplicationCategoryType = "public.app-category.developer-tools";
				INFOPLIST_KEY_UILaunchScreen_Generation = YES;
				INFOPLIST_KEY_UIRequiresFullScreen = NO;
				LD_RUNPATH_SEARCH_PATHS = (
					"$(inherited)",
					"@executable_path/Frameworks",
				);
				MARKETING_VERSION = 1.0;
				PRODUCT_BUNDLE_IDENTIFIER = com.ysake.e5iossmokeapp;
				PRODUCT_NAME = "$(TARGET_NAME)";
				SUPPORTED_PLATFORMS = "iphoneos iphonesimulator";
				SUPPORTS_MACCATALYST = NO;
				SUPPORTS_MAC_DESIGNED_FOR_IPHONE_IPAD = NO;
				SWIFT_EMIT_LOC_STRINGS = YES;
				SWIFT_VERSION = 6.0;
				TARGETED_DEVICE_FAMILY = "1,2";
			};
			name = Debug;
		};
		000000000000000000000022 /* Release */ = {
			isa = XCBuildConfiguration;
			buildSettings = {
				ASSETCATALOG_COMPILER_GLOBAL_ACCENT_COLOR_NAME = AccentColor;
				CODE_SIGN_STYLE = Automatic;
				CURRENT_PROJECT_VERSION = 1;
				DEVELOPMENT_TEAM = "";
				GENERATE_INFOPLIST_FILE = YES;
				INFOPLIST_KEY_CFBundleDisplayName = "E5 Smoke";
				INFOPLIST_KEY_LSApplicationCategoryType = "public.app-category.developer-tools";
				INFOPLIST_KEY_UILaunchScreen_Generation = YES;
				INFOPLIST_KEY_UIRequiresFullScreen = NO;
				LD_RUNPATH_SEARCH_PATHS = (
					"$(inherited)",
					"@executable_path/Frameworks",
				);
				MARKETING_VERSION = 1.0;
				PRODUCT_BUNDLE_IDENTIFIER = com.ysake.e5iossmokeapp;
				PRODUCT_NAME = "$(TARGET_NAME)";
				SUPPORTED_PLATFORMS = "iphoneos iphonesimulator";
				SUPPORTS_MACCATALYST = NO;
				SUPPORTS_MAC_DESIGNED_FOR_IPHONE_IPAD = NO;
				SWIFT_EMIT_LOC_STRINGS = YES;
				SWIFT_VERSION = 6.0;
				TARGETED_DEVICE_FAMILY = "1,2";
			};
			name = Release;
		};
		000000000000000000000024 /* Debug */ = {
			isa = XCBuildConfiguration;
			buildSettings = {
				BUNDLE_LOADER = "$(TEST_HOST)";
				CODE_SIGN_STYLE = Automatic;
				CURRENT_PROJECT_VERSION = 1;
				DEVELOPMENT_TEAM = "";
				GENERATE_INFOPLIST_FILE = YES;
				LD_RUNPATH_SEARCH_PATHS = (
					"$(inherited)",
					"@executable_path/Frameworks",
					"@loader_path/Frameworks",
				);
				MARKETING_VERSION = 1.0;
				PRODUCT_BUNDLE_IDENTIFIER = com.ysake.e5iossmokeapp.tests;
				PRODUCT_NAME = "$(TARGET_NAME)";
				SUPPORTED_PLATFORMS = "iphoneos iphonesimulator";
				SWIFT_EMIT_LOC_STRINGS = NO;
				SWIFT_VERSION = 6.0;
				TARGETED_DEVICE_FAMILY = "1,2";
				TEST_HOST = "$(BUILT_PRODUCTS_DIR)/E5iOSSmokeApp.app/$(BUNDLE_EXECUTABLE_FOLDER_PATH)/E5iOSSmokeApp";
			};
			name = Debug;
		};
		000000000000000000000025 /* Release */ = {
			isa = XCBuildConfiguration;
			buildSettings = {
				BUNDLE_LOADER = "$(TEST_HOST)";
				CODE_SIGN_STYLE = Automatic;
				CURRENT_PROJECT_VERSION = 1;
				DEVELOPMENT_TEAM = "";
				GENERATE_INFOPLIST_FILE = YES;
				LD_RUNPATH_SEARCH_PATHS = (
					"$(inherited)",
					"@executable_path/Frameworks",
					"@loader_path/Frameworks",
				);
				MARKETING_VERSION = 1.0;
				PRODUCT_BUNDLE_IDENTIFIER = com.ysake.e5iossmokeapp.tests;
				PRODUCT_NAME = "$(TARGET_NAME)";
				SUPPORTED_PLATFORMS = "iphoneos iphonesimulator";
				SWIFT_EMIT_LOC_STRINGS = NO;
				SWIFT_VERSION = 6.0;
				TARGETED_DEVICE_FAMILY = "1,2";
				TEST_HOST = "$(BUILT_PRODUCTS_DIR)/E5iOSSmokeApp.app/$(BUNDLE_EXECUTABLE_FOLDER_PATH)/E5iOSSmokeApp";
			};
			name = Release;
		};
/* End XCBuildConfiguration section */

/* Begin XCConfigurationList section */
		000000000000000000000007 /* Build configuration list for PBXProject "E5iOSSmokeApp" */ = {
			isa = XCConfigurationList;
			buildConfigurations = (
				000000000000000000000008 /* Debug */,
				000000000000000000000009 /* Release */,
			);
			defaultConfigurationIsVisible = 0;
			defaultConfigurationName = Release;
		};
		000000000000000000000020 /* Build configuration list for PBXNativeTarget "E5iOSSmokeApp" */ = {
			isa = XCConfigurationList;
			buildConfigurations = (
				000000000000000000000021 /* Debug */,
				000000000000000000000022 /* Release */,
			);
			defaultConfigurationIsVisible = 0;
			defaultConfigurationName = Release;
		};
		000000000000000000000023 /* Build configuration list for PBXNativeTarget "E5iOSSmokeAppTests" */ = {
			isa = XCConfigurationList;
			buildConfigurations = (
				000000000000000000000024 /* Debug */,
				000000000000000000000025 /* Release */,
			);
			defaultConfigurationIsVisible = 0;
			defaultConfigurationName = Release;
		};
/* End XCConfigurationList section */

/* Begin XCLocalSwiftPackageReference section */
		000000000000000000000006 /* XCLocalSwiftPackageReference "../.." */ = {
			isa = XCLocalSwiftPackageReference;
			relativePath = ../..;
		};
/* End XCLocalSwiftPackageReference section */

/* Begin XCSwiftPackageProductDependency section */
		000000000000000000000034 /* E5EmbeddingCore */ = {
			isa = XCSwiftPackageProductDependency;
			package = 000000000000000000000006 /* XCLocalSwiftPackageReference "../.." */;
			productName = E5EmbeddingCore;
		};
		000000000000000000000035 /* E5EmbeddingCore */ = {
			isa = XCSwiftPackageProductDependency;
			package = 000000000000000000000006 /* XCLocalSwiftPackageReference "../.." */;
			productName = E5EmbeddingCore;
		};
/* End XCSwiftPackageProductDependency section */
	};
	rootObject = 000000000000000000000001 /* Project object */;
}
